
Microsoft Visual Studio Solution File, Format Version 12.00
# Visual Studio Version 16
VisualStudioVersion = 16.0.31410.357
MinimumVisualStudioVersion = 10.0.40219.1
Project("{FAE04EC0-301F-11D3-BF4B-00C04F79EFBC}") = "Address Book System", "Address Book System\Address Book System.csproj", "{3906B560-190C-4813-9584-9F35A2A2405A}"
EndProject
Global
	GlobalSection(SolutionConfigurationPlatforms) = preSolution
		Debug|Any CPU = Debug|Any CPU
		Release|Any CPU = Release|Any CPU
	EndGlobalSection
	GlobalSection(ProjectConfigurationPlatforms) = postSolution
		{3906B560-190C-4813-9584-9F35A2A2405A}.Debug|Any CPU.ActiveCfg = Debug|Any CPU
		{3906B560-190C-4813-9584-9F35A2A2405A}.Debug|Any CPU.Build.0 = Debug|Any CPU
		{3906B560-190C-4813-9584-9F35A2A2405A}.Release|Any CPU.ActiveCfg = Release|Any CPU
		{3906B560-190C-4813-9584-9F35A2A2405A}.Release|Any CPU.Build.0 = Release|Any CPU
	EndGlobalSection
	GlobalSection(SolutionProperties) = preSolution
		HideSolutionNode = FALSE
	EndGlobalSection
	GlobalSection(ExtensibilityGlobals) = postSolution
		SolutionGuid = {247426F8-9C78-4616-B272-7C4AFFC07518}
	EndGlobalSection
EndGlobal
